<?xml version="1.0" encoding="utf-8"?>
<Project ToolsVersion="4.0" xmlns="http://schemas.microsoft.com/developer/msbuild/2003">
  <ItemGroup>
    <Filter Include="Source Files">
      <UniqueIdentifier>{4FC737F1-C7A5-4376-A066-2A32D752A2FF}</UniqueIdentifier>
      <Extensions>cpp;c;cc;cxx;def;odl;idl;hpj;bat;asm;asmx</Extensions>
    </Filter>
    <Filter Include="Header Files">
      <UniqueIdentifier>{93995380-89BD-4b04-88EB-625FBE52EBFB}</UniqueIdentifier>
      <Extensions>h;hpp;hxx;hm;inl;inc;xsd</Extensions>
    </Filter>
    <Filter Include="Resource Files">
      <UniqueIdentifier>{67DA6AB6-F800-4c08-8B7A-83BB121AAD01}</UniqueIdentifier>
      <Extensions>rc;ico;cur;bmp;dlg;rc2;rct;bin;rgs;gif;jpg;jpeg;jpe;resx;tiff;tif;png;wav;mfcribbon-ms</Extensions>
    </Filter>
    <Filter Include="Game">
      <UniqueIdentifier>{40c98f45-e120-415e-a6d0-aed6bd2b902b}</UniqueIdentifier>
    </Filter>
  </ItemGroup>
  <ItemGroup>
    <ClCompile Include="MainForm.cpp">
      <Filter>Source Files</Filter>
    </ClCompile>
    <ClCompile Include="..\..\Board.cpp">
      <Filter>Game</Filter>
    </ClCompile>
    <ClCompile Include="..\..\Piece.cpp">
      <Filter>Game</Filter>
    </ClCompile>
    <ClCompile Include="BoardForm.cpp">
      <Filter>Source Files</Filter>
    </ClCompile>
    <ClCompile Include="AI.cpp">
      <Filter>Source Files</Filter>
    </ClCompile>
    <ClCompile Include="AIMedium.cpp">
      <Filter>Source Files</Filter>
    </ClCompile>
    <ClCompile Include="..\..\MoveMemento.cpp">
      <Filter>Header Files</Filter>
    </ClCompile>
    <ClCompile Include="AIHard.cpp">
      <Filter>Source Files</Filter>
    </ClCompile>
  </ItemGroup>
  <ItemGroup>
    <ClInclude Include="MainForm.h">
      <Filter>Header Files</Filter>
    </ClInclude>
    <ClInclude Include="..\..\MoveMemento.h">
      <Filter>Game</Filter>
    </ClInclude>
    <ClInclude Include="..\..\Piece.h">
      <Filter>Game</Filter>
    </ClInclude>
    <ClInclude Include="BoardForm.h">
      <Filter>Header Files</Filter>
    </ClInclude>
    <ClInclude Include="AI.h">
      <Filter>Header Files</Filter>
    </ClInclude>
    <ClInclude Include="IEnemy.h">
      <Filter>Header Files</Filter>
    </ClInclude>
    <ClInclude Include="AIMedium.h">
      <Filter>Header Files</Filter>
    </ClInclude>
    <ClInclude Include="..\..\Board.h">
      <Filter>Game</Filter>
    </ClInclude>
    <ClInclude Include="AIHard.h">
      <Filter>Header Files</Filter>
    </ClInclude>
  </ItemGroup>
  <ItemGroup>
    <EmbeddedResource Include="BoardForm.resx">
      <Filter>Resource Files</Filter>
    </EmbeddedResource>
    <EmbeddedResource Include="MainForm.resx">
      <Filter>Resource Files</Filter>
    </EmbeddedResource>
  </ItemGroup>
  <ItemGroup>
    <Image Include="red.png">
      <Filter>Resource Files</Filter>
    </Image>
    <Image Include="black.png">
      <Filter>Resource Files</Filter>
    </Image>
    <Image Include="red_king.png">
      <Filter>Resource Files</Filter>
    </Image>
    <Image Include="black_king.png">
      <Filter>Resource Files</Filter>
    </Image>
  </ItemGroup>
</Project>